
Microsoft Visual Studio Solution File, Format Version 12.00
# Visual Studio 15
VisualStudioVersion = 15.0.26730.10
MinimumVisualStudioVersion = 10.0.40219.1
Project("{FAE04EC0-301F-11D3-BF4B-00C04F79EFBC}") = "SampaSoft.Infraestrutura", "SampaSoft.Infraestrutura\SampaSoft.Infraestrutura.csproj", "{9257F440-ECFC-4C70-8420-A8885E95192D}"
EndProject
Project("{2150E333-8FDC-42A3-9474-1A3956D46DE8}") = "4. ORM", "4. ORM", "{2DCD7582-1193-498D-9123-AB23FEB9CA73}"
EndProject
Project("{2150E333-8FDC-42A3-9474-1A3956D46DE8}") = "3. Dados", "3. Dados", "{DCD03D3D-CDA0-4D7D-8CDD-70B8897AA95B}"
EndProject
Project("{2150E333-8FDC-42A3-9474-1A3956D46DE8}") = "2. Negócios", "2. Negócios", "{FFF4611A-BFB5-4971-AF61-05866ED57DCB}"
EndProject
Project("{2150E333-8FDC-42A3-9474-1A3956D46DE8}") = "1. API", "1. API", "{B178B731-B729-4611-A1C8-B5D2BA60584E}"
EndProject
Project("{2150E333-8FDC-42A3-9474-1A3956D46DE8}") = "5. Popular Dados", "5. Popular Dados", "{4175C6C6-F835-4013-B4B0-54DAF3FCA67F}"
EndProject
Project("{FAE04EC0-301F-11D3-BF4B-00C04F79EFBC}") = "SampaSoft.PopulaDados", "SampaSoft.PopulaDados\SampaSoft.PopulaDados.csproj", "{D42D7264-FBCF-4865-8527-42033E7B2A91}"
EndProject
Project("{FAE04EC0-301F-11D3-BF4B-00C04F79EFBC}") = "SampaSoft.Dados", "SampaSoft.Dados\SampaSoft.Dados.csproj", "{5876E873-CC03-41AB-8B8F-2A4D3B85113B}"
EndProject
Project("{FAE04EC0-301F-11D3-BF4B-00C04F79EFBC}") = "SampaSoft.Negocio", "SampaSoft.Negocio\SampaSoft.Negocio.csproj", "{414C0339-11A6-4B03-8A1F-37100DF0E83F}"
EndProject
Project("{FAE04EC0-301F-11D3-BF4B-00C04F79EFBC}") = "SampaSoft.ViewModel", "SampaSoft.ViewModel\SampaSoft.ViewModel.csproj", "{50012860-96EA-4BB4-AAB5-D3396309277E}"
EndProject
Project("{FAE04EC0-301F-11D3-BF4B-00C04F79EFBC}") = "SampaSoft.WebAPI", "SampaSoft.WebAPI\SampaSoft.WebAPI.csproj", "{371A7465-2056-43B2-916E-9C1995058479}"
EndProject
Global
	GlobalSection(SolutionConfigurationPlatforms) = preSolution
		Debug|Any CPU = Debug|Any CPU
		Release|Any CPU = Release|Any CPU
	EndGlobalSection
	GlobalSection(ProjectConfigurationPlatforms) = postSolution
		{9257F440-ECFC-4C70-8420-A8885E95192D}.Debug|Any CPU.ActiveCfg = Debug|Any CPU
		{9257F440-ECFC-4C70-8420-A8885E95192D}.Debug|Any CPU.Build.0 = Debug|Any CPU
		{9257F440-ECFC-4C70-8420-A8885E95192D}.Release|Any CPU.ActiveCfg = Release|Any CPU
		{9257F440-ECFC-4C70-8420-A8885E95192D}.Release|Any CPU.Build.0 = Release|Any CPU
		{D42D7264-FBCF-4865-8527-42033E7B2A91}.Debug|Any CPU.ActiveCfg = Debug|Any CPU
		{D42D7264-FBCF-4865-8527-42033E7B2A91}.Debug|Any CPU.Build.0 = Debug|Any CPU
		{D42D7264-FBCF-4865-8527-42033E7B2A91}.Release|Any CPU.ActiveCfg = Release|Any CPU
		{D42D7264-FBCF-4865-8527-42033E7B2A91}.Release|Any CPU.Build.0 = Release|Any CPU
		{5876E873-CC03-41AB-8B8F-2A4D3B85113B}.Debug|Any CPU.ActiveCfg = Debug|Any CPU
		{5876E873-CC03-41AB-8B8F-2A4D3B85113B}.Debug|Any CPU.Build.0 = Debug|Any CPU
		{5876E873-CC03-41AB-8B8F-2A4D3B85113B}.Release|Any CPU.ActiveCfg = Release|Any CPU
		{5876E873-CC03-41AB-8B8F-2A4D3B85113B}.Release|Any CPU.Build.0 = Release|Any CPU
		{414C0339-11A6-4B03-8A1F-37100DF0E83F}.Debug|Any CPU.ActiveCfg = Debug|Any CPU
		{414C0339-11A6-4B03-8A1F-37100DF0E83F}.Debug|Any CPU.Build.0 = Debug|Any CPU
		{414C0339-11A6-4B03-8A1F-37100DF0E83F}.Release|Any CPU.ActiveCfg = Release|Any CPU
		{414C0339-11A6-4B03-8A1F-37100DF0E83F}.Release|Any CPU.Build.0 = Release|Any CPU
		{50012860-96EA-4BB4-AAB5-D3396309277E}.Debug|Any CPU.ActiveCfg = Debug|Any CPU
		{50012860-96EA-4BB4-AAB5-D3396309277E}.Debug|Any CPU.Build.0 = Debug|Any CPU
		{50012860-96EA-4BB4-AAB5-D3396309277E}.Release|Any CPU.ActiveCfg = Release|Any CPU
		{50012860-96EA-4BB4-AAB5-D3396309277E}.Release|Any CPU.Build.0 = Release|Any CPU
		{371A7465-2056-43B2-916E-9C1995058479}.Debug|Any CPU.ActiveCfg = Debug|Any CPU
		{371A7465-2056-43B2-916E-9C1995058479}.Debug|Any CPU.Build.0 = Debug|Any CPU
		{371A7465-2056-43B2-916E-9C1995058479}.Release|Any CPU.ActiveCfg = Release|Any CPU
		{371A7465-2056-43B2-916E-9C1995058479}.Release|Any CPU.Build.0 = Release|Any CPU
	EndGlobalSection
	GlobalSection(SolutionProperties) = preSolution
		HideSolutionNode = FALSE
	EndGlobalSection
	GlobalSection(NestedProjects) = preSolution
		{9257F440-ECFC-4C70-8420-A8885E95192D} = {2DCD7582-1193-498D-9123-AB23FEB9CA73}
		{D42D7264-FBCF-4865-8527-42033E7B2A91} = {4175C6C6-F835-4013-B4B0-54DAF3FCA67F}
		{5876E873-CC03-41AB-8B8F-2A4D3B85113B} = {DCD03D3D-CDA0-4D7D-8CDD-70B8897AA95B}
		{414C0339-11A6-4B03-8A1F-37100DF0E83F} = {FFF4611A-BFB5-4971-AF61-05866ED57DCB}
		{50012860-96EA-4BB4-AAB5-D3396309277E} = {B178B731-B729-4611-A1C8-B5D2BA60584E}
		{371A7465-2056-43B2-916E-9C1995058479} = {B178B731-B729-4611-A1C8-B5D2BA60584E}
	EndGlobalSection
	GlobalSection(ExtensibilityGlobals) = postSolution
		SolutionGuid = {E468E0D1-441B-46C0-AC55-E07DDA99F0FE}
	EndGlobalSection
EndGlobal
